
Microsoft Visual Studio Solution File, Format Version 12.00
# Visual Studio Version 16
VisualStudioVersion = 16.0.31005.135
MinimumVisualStudioVersion = 10.0.40219.1
Project("{9A19103F-16F7-4668-BE54-9A1E7A4F7556}") = "datalayer.client.browse", "datalayer.client.browse.csproj", "{58CE0044-B820-4582-A7AC-21161C750A8C}"
EndProject
Project("{2150E333-8FDC-42A3-9474-1A3956D46DE8}") = "Solution Items", "Solution Items", "{FA9050D9-FD95-4199-B3D3-5F5AE36AF290}"
	ProjectSection(SolutionItems) = preProject
		nuget.config = nuget.config
	EndProjectSection
EndProject
Global
	GlobalSection(SolutionConfigurationPlatforms) = preSolution
		Debug|Any CPU = Debug|Any CPU
		Release|Any CPU = Release|Any CPU
	EndGlobalSection
	GlobalSection(ProjectConfigurationPlatforms) = postSolution
		{58CE0044-B820-4582-A7AC-21161C750A8C}.Debug|Any CPU.ActiveCfg = Debug|Any CPU
		{58CE0044-B820-4582-A7AC-21161C750A8C}.Debug|Any CPU.Build.0 = Debug|Any CPU
		{58CE0044-B820-4582-A7AC-21161C750A8C}.Release|Any CPU.ActiveCfg = Release|Any CPU
		{58CE0044-B820-4582-A7AC-21161C750A8C}.Release|Any CPU.Build.0 = Release|Any CPU
	EndGlobalSection
	GlobalSection(SolutionProperties) = preSolution
		HideSolutionNode = FALSE
	EndGlobalSection
	GlobalSection(ExtensibilityGlobals) = postSolution
		SolutionGuid = {ADA9DB2A-EAF5-417B-96D1-EAB52042D462}
	EndGlobalSection
EndGlobal
