
Microsoft Visual Studio Solution File, Format Version 12.00
# Visual Studio Version 16
VisualStudioVersion = 16.0.31112.23
MinimumVisualStudioVersion = 10.0.40219.1
Project("{9A19103F-16F7-4668-BE54-9A1E7A4F7556}") = "diagnostics.logbook", "diagnostics.logbook.csproj", "{AE86F52E-AF34-4F11-8860-997FD93D0797}"
EndProject
Global
	GlobalSection(SolutionConfigurationPlatforms) = preSolution
		Debug|Any CPU = Debug|Any CPU
		Release|Any CPU = Release|Any CPU
	EndGlobalSection
	GlobalSection(ProjectConfigurationPlatforms) = postSolution
		{AE86F52E-AF34-4F11-8860-997FD93D0797}.Debug|Any CPU.ActiveCfg = Debug|Any CPU
		{AE86F52E-AF34-4F11-8860-997FD93D0797}.Debug|Any CPU.Build.0 = Debug|Any CPU
		{AE86F52E-AF34-4F11-8860-997FD93D0797}.Release|Any CPU.ActiveCfg = Release|Any CPU
		{AE86F52E-AF34-4F11-8860-997FD93D0797}.Release|Any CPU.Build.0 = Release|Any CPU
	EndGlobalSection
	GlobalSection(SolutionProperties) = preSolution
		HideSolutionNode = FALSE
	EndGlobalSection
	GlobalSection(ExtensibilityGlobals) = postSolution
		SolutionGuid = {13E02396-4A35-4ED5-8814-0D2B6841EA52}
	EndGlobalSection
EndGlobal
