
Microsoft Visual Studio Solution File, Format Version 12.00
# Visual Studio Version 17
VisualStudioVersion = 17.5.002.0
MinimumVisualStudioVersion = 10.0.40219.1
Project("{9A19103F-16F7-4668-BE54-9A1E7A4F7556}") = "hello.world", "hello.world.csproj", "{849A9856-C3C9-4048-B9AF-B825C8D34055}"
EndProject
Global
	GlobalSection(SolutionConfigurationPlatforms) = preSolution
		Debug|Any CPU = Debug|Any CPU
		Release|Any CPU = Release|Any CPU
	EndGlobalSection
	GlobalSection(ProjectConfigurationPlatforms) = postSolution
		{849A9856-C3C9-4048-B9AF-B825C8D34055}.Debug|Any CPU.ActiveCfg = Debug|Any CPU
		{849A9856-C3C9-4048-B9AF-B825C8D34055}.Debug|Any CPU.Build.0 = Debug|Any CPU
		{849A9856-C3C9-4048-B9AF-B825C8D34055}.Release|Any CPU.ActiveCfg = Release|Any CPU
		{849A9856-C3C9-4048-B9AF-B825C8D34055}.Release|Any CPU.Build.0 = Release|Any CPU
	EndGlobalSection
	GlobalSection(SolutionProperties) = preSolution
		HideSolutionNode = FALSE
	EndGlobalSection
	GlobalSection(ExtensibilityGlobals) = postSolution
		SolutionGuid = {DC2D2D3E-5A60-4D84-83AA-B47A9B889C0C}
	EndGlobalSection
EndGlobal
