github.com/boschrexroth/ctrlx-datalayer-golang/v2 v2.2.0 h1:6MoAXUDAxx1YyAERH/vmyKlSEm2Y3j21ugx4myj5xlI=
github.com/boschrexroth/ctrlx-datalayer-golang/v2 v2.2.0/go.mod h1:7B/LrdaFDc3YMfXGoBx1XpFgjAgNfNW8ZJZpeeKnxpI=
github.com/google/flatbuffers v23.5.26+incompatible h1:M9dgRyhJemaM4Sw8+66GHBu8ioaQmyPLg1b8VwK5WJg=
github.com/google/flatbuffers v23.5.26+incompatible/go.mod h1:1AeVuKshWv4vARoZatz6mlQ0JxURH0Kv5+zNeJKJCa8=
